
Microsoft Visual Studio Solution File, Format Version 12.00
# Visual Studio Version 17
VisualStudioVersion = 17.13.35825.156 d17.13
MinimumVisualStudioVersion = 10.0.40219.1
Project("{FAE04EC0-301F-11D3-BF4B-00C04F79EFBC}") = "Admin", "Admin\Admin.csproj", "{A718E0F3-AC01-4130-B462-54DCA1A160A1}"
EndProject
Global
	GlobalSection(SolutionConfigurationPlatforms) = preSolution
		Debug|Any CPU = Debug|Any CPU
		Release|Any CPU = Release|Any CPU
	EndGlobalSection
	GlobalSection(ProjectConfigurationPlatforms) = postSolution
		{A718E0F3-AC01-4130-B462-54DCA1A160A1}.Debug|Any CPU.ActiveCfg = Debug|Any CPU
		{A718E0F3-AC01-4130-B462-54DCA1A160A1}.Debug|Any CPU.Build.0 = Debug|Any CPU
		{A718E0F3-AC01-4130-B462-54DCA1A160A1}.Release|Any CPU.ActiveCfg = Release|Any CPU
		{A718E0F3-AC01-4130-B462-54DCA1A160A1}.Release|Any CPU.Build.0 = Release|Any CPU
	EndGlobalSection
	GlobalSection(SolutionProperties) = preSolution
		HideSolutionNode = FALSE
	EndGlobalSection
	GlobalSection(ExtensibilityGlobals) = postSolution
		SolutionGuid = {D8365BF6-51A8-407A-A843-9AB4CA109F79}
	EndGlobalSection
EndGlobal
